# THIS IS AN AUTOGENERATED FILE. DO NOT EDIT THIS FILE DIRECTLY.
# yarn lockfile v1


"@rails/actiontext@^7.0.2-2":
  version "7.0.2-2"
  resolved "https://registry.yarnpkg.com/@rails/actiontext/-/actiontext-7.0.2-2.tgz#b1d84ecd352994b112366e0ffa9e4f71940179d2"
  integrity sha512-l66fBFmlFz+LmLqzxpEKqh7Yz9c45UhVz2m1rSf0oIZoyA4AE96c+nqnFdu1t0VGYki3ZPp5JzXx9pIE4CSU2A==
  dependencies:
    "@rails/activestorage" ">= 7.0.0-alpha1"

"@rails/activestorage@>= 7.0.0-alpha1":
  version "7.0.2"
  resolved "https://registry.yarnpkg.com/@rails/activestorage/-/activestorage-7.0.2.tgz#81986034e1a38d931c40213073973b5a4c5b86e0"
  integrity sha512-E/W80bMnlhmLz63GvY4fn82s9nDk8ZnzWBO++G3uQhwKAT/xdHgdL8VNfTOK14VKCQwHxJuBCXYnFXY68FOfFw==
  dependencies:
    spark-md5 "^3.0.1"

dom7@^4.0.4:
  version "4.0.4"
  resolved "https://registry.yarnpkg.com/dom7/-/dom7-4.0.4.tgz#8b68c5d8e5e2ed0fddb1cb93e433bc9060c8f3fb"
  integrity sha512-DSSgBzQ4rJWQp1u6o+3FVwMNnT5bzQbMb+o31TjYYeRi05uAcpF8koxdfzeoe5ElzPmua7W7N28YJhF7iEKqIw==
  dependencies:
    ssr-window "^4.0.0"

jquery@^3.6.0:
  version "3.6.0"
  resolved "https://registry.yarnpkg.com/jquery/-/jquery-3.6.0.tgz#c72a09f15c1bdce142f49dbf1170bdf8adac2470"
  integrity sha512-JVzAR/AjBvVt2BmYhxRCSYysDsPcssdmTFnzyLEts9qNwmjmu4JTAMYubEfwVOSwpQ1I1sKKFcxhZCI2buerfw==

spark-md5@^3.0.1:
  version "3.0.2"
  resolved "https://registry.yarnpkg.com/spark-md5/-/spark-md5-3.0.2.tgz#7952c4a30784347abcee73268e473b9c0167e3fc"
  integrity sha512-wcFzz9cDfbuqe0FZzfi2or1sgyIrsDwmPwfZC4hiNidPdPINjeUwNfv5kldczoEAcjl9Y1L3SM7Uz2PUEQzxQw==

ssr-window@^4.0.0, ssr-window@^4.0.2:
  version "4.0.2"
  resolved "https://registry.yarnpkg.com/ssr-window/-/ssr-window-4.0.2.tgz#dc6b3ee37be86ac0e3ddc60030f7b3bc9b8553be"
  integrity sha512-ISv/Ch+ig7SOtw7G2+qkwfVASzazUnvlDTwypdLoPoySv+6MqlOV10VwPSE6EWkGjhW50lUmghPmpYZXMu/+AQ==

swiper@^8.0.7:
  version "8.0.7"
  resolved "https://registry.yarnpkg.com/swiper/-/swiper-8.0.7.tgz#9eefe26c703e627a6dc7237c0109e172ce06e3f6"
  integrity sha512-GHjDfxSZdupfU7LrSVOpaNaT7R1D2zxopPGBFz1UOXOtsYvVJLg0k6NvkTAD7qn0ASl5pTti82qoYwvYvIkg4g==
  dependencies:
    dom7 "^4.0.4"
    ssr-window "^4.0.2"

trix@^2.0.0-alpha.1:
  version "2.0.0-alpha.1"
  resolved "https://registry.yarnpkg.com/trix/-/trix-2.0.0-alpha.1.tgz#ac6bb38b68354371bd7bb9ade2eddf7fb9e28a16"
  integrity sha512-/b6dnpNFfSJwqa9tlYu7vB1NN7KaUrlCkPanz9Esflw3nuT8BuBYF2TGNJLyKfj00Rr0YlDBESRihkJA7riBSw==
